
Microsoft Visual Studio Solution File, Format Version 12.00
# Visual Studio Version 17
VisualStudioVersion = 17.3.32901.215
MinimumVisualStudioVersion = 10.0.40219.1
Project("{9A19103F-16F7-4668-BE54-9A1E7A4F7556}") = "ManageSchool", "ClassMenu\ManageSchool.csproj", "{42547629-386D-4C8C-9E72-9823FFD8DE31}"
EndProject
Global
	GlobalSection(SolutionConfigurationPlatforms) = preSolution
		Debug|Any CPU = Debug|Any CPU
		Release|Any CPU = Release|Any CPU
	EndGlobalSection
	GlobalSection(ProjectConfigurationPlatforms) = postSolution
		{42547629-386D-4C8C-9E72-9823FFD8DE31}.Debug|Any CPU.ActiveCfg = Debug|Any CPU
		{42547629-386D-4C8C-9E72-9823FFD8DE31}.Debug|Any CPU.Build.0 = Debug|Any CPU
		{42547629-386D-4C8C-9E72-9823FFD8DE31}.Release|Any CPU.ActiveCfg = Release|Any CPU
		{42547629-386D-4C8C-9E72-9823FFD8DE31}.Release|Any CPU.Build.0 = Release|Any CPU
	EndGlobalSection
	GlobalSection(SolutionProperties) = preSolution
		HideSolutionNode = FALSE
	EndGlobalSection
	GlobalSection(ExtensibilityGlobals) = postSolution
		SolutionGuid = {F167BB05-F74D-4F54-AF84-EEF3B70E7C87}
	EndGlobalSection
EndGlobal
