
Microsoft Visual Studio Solution File, Format Version 12.00
# Visual Studio Version 17
VisualStudioVersion = 17.3.32922.545
MinimumVisualStudioVersion = 10.0.40219.1
Project("{FAE04EC0-301F-11D3-BF4B-00C04F79EFBC}") = "WebApplication1", "WebApplication1\WebApplication1.csproj", "{EB547EF8-94B4-405C-86F1-8C1F056D8A9C}"
EndProject
Global
	GlobalSection(SolutionConfigurationPlatforms) = preSolution
		Debug|Any CPU = Debug|Any CPU
		Release|Any CPU = Release|Any CPU
	EndGlobalSection
	GlobalSection(ProjectConfigurationPlatforms) = postSolution
		{EB547EF8-94B4-405C-86F1-8C1F056D8A9C}.Debug|Any CPU.ActiveCfg = Debug|Any CPU
		{EB547EF8-94B4-405C-86F1-8C1F056D8A9C}.Debug|Any CPU.Build.0 = Debug|Any CPU
		{EB547EF8-94B4-405C-86F1-8C1F056D8A9C}.Release|Any CPU.ActiveCfg = Release|Any CPU
		{EB547EF8-94B4-405C-86F1-8C1F056D8A9C}.Release|Any CPU.Build.0 = Release|Any CPU
	EndGlobalSection
	GlobalSection(SolutionProperties) = preSolution
		HideSolutionNode = FALSE
	EndGlobalSection
	GlobalSection(ExtensibilityGlobals) = postSolution
		SolutionGuid = {72986C10-2F73-448C-B7A8-C8EFF53E7576}
	EndGlobalSection
EndGlobal
