
Microsoft Visual Studio Solution File, Format Version 12.00
# Visual Studio Version 17
VisualStudioVersion = 17.3.32901.215
MinimumVisualStudioVersion = 10.0.40219.1
Project("{FAE04EC0-301F-11D3-BF4B-00C04F79EFBC}") = "bvn5", "bvn5\bvn5.csproj", "{6749F082-9B57-48FD-AE18-7CCFCB3EDD30}"
EndProject
Global
	GlobalSection(SolutionConfigurationPlatforms) = preSolution
		Debug|Any CPU = Debug|Any CPU
		Release|Any CPU = Release|Any CPU
	EndGlobalSection
	GlobalSection(ProjectConfigurationPlatforms) = postSolution
		{6749F082-9B57-48FD-AE18-7CCFCB3EDD30}.Debug|Any CPU.ActiveCfg = Debug|Any CPU
		{6749F082-9B57-48FD-AE18-7CCFCB3EDD30}.Debug|Any CPU.Build.0 = Debug|Any CPU
		{6749F082-9B57-48FD-AE18-7CCFCB3EDD30}.Release|Any CPU.ActiveCfg = Release|Any CPU
		{6749F082-9B57-48FD-AE18-7CCFCB3EDD30}.Release|Any CPU.Build.0 = Release|Any CPU
	EndGlobalSection
	GlobalSection(SolutionProperties) = preSolution
		HideSolutionNode = FALSE
	EndGlobalSection
	GlobalSection(ExtensibilityGlobals) = postSolution
		SolutionGuid = {44409A5B-B642-4FE9-B0A4-DE42E513279F}
	EndGlobalSection
EndGlobal
